
Microsoft Visual Studio Solution File, Format Version 11.00
# Visual Studio 2010
Project("{FAE04EC0-301F-11D3-BF4B-00C04F79EFBC}") = "Hazware.Unity.TypeTracking-NET4", "src\Hazware.Unity.TypeTracking-NET4\Hazware.Unity.TypeTracking-NET4.csproj", "{23391687-F603-4AF2-9AED-75D54000A19D}"
EndProject
Project("{FAE04EC0-301F-11D3-BF4B-00C04F79EFBC}") = "Hazware.Unity.TypeTracking-NET35", "src\Hazware.Unity.TypeTracking-NET35\Hazware.Unity.TypeTracking-NET35.csproj", "{F0539843-7FCC-4B46-8A16-AF8163E8204E}"
EndProject
Project("{FAE04EC0-301F-11D3-BF4B-00C04F79EFBC}") = "Hazware.Unity.TypeTracking-SL4", "src\Hazware.Unity.TypeTracking-SL4\Hazware.Unity.TypeTracking-SL4.csproj", "{BCA4F6ED-46B5-4D68-B0C1-D9A22100FD5F}"
EndProject
Project("{2150E333-8FDC-42A3-9474-1A3956D46DE8}") = "Source", "Source", "{85E3B9C2-827F-4CCE-8F7B-D976E39138FA}"
EndProject
Project("{2150E333-8FDC-42A3-9474-1A3956D46DE8}") = "Tests", "Tests", "{FEF72336-7AEE-4BD4-851A-242597BFDB2A}"
EndProject
Project("{FAE04EC0-301F-11D3-BF4B-00C04F79EFBC}") = "Hazware.Unity.TypeTracking.Tests-NET35", "tests\Hazware.Unity.TypeTracking.Tests-NET35\Hazware.Unity.TypeTracking.Tests-NET35.csproj", "{62CC4158-D321-4F8C-BDC3-CF47AB63631F}"
EndProject
Project("{FAE04EC0-301F-11D3-BF4B-00C04F79EFBC}") = "Hazware.Unity.TypeTracking.Tests-NET4", "tests\Hazware.Unity.TypeTracking.Tests-NET4\Hazware.Unity.TypeTracking.Tests-NET4.csproj", "{A0254E43-541A-4026-8953-C5D867B14C91}"
EndProject
Project("{2150E333-8FDC-42A3-9474-1A3956D46DE8}") = ".nuget", ".nuget", "{4E8DB96E-4936-46C4-B5AA-394ADF260B8A}"
	ProjectSection(SolutionItems) = preProject
		.nuget\NuGet.exe = .nuget\NuGet.exe
		.nuget\NuGet.targets = .nuget\NuGet.targets
		.nuget\packages.config = .nuget\packages.config
	EndProjectSection
EndProject
Global
	GlobalSection(SolutionConfigurationPlatforms) = preSolution
		Debug|Any CPU = Debug|Any CPU
		Release|Any CPU = Release|Any CPU
	EndGlobalSection
	GlobalSection(ProjectConfigurationPlatforms) = postSolution
		{23391687-F603-4AF2-9AED-75D54000A19D}.Debug|Any CPU.ActiveCfg = Debug|Any CPU
		{23391687-F603-4AF2-9AED-75D54000A19D}.Debug|Any CPU.Build.0 = Debug|Any CPU
		{23391687-F603-4AF2-9AED-75D54000A19D}.Release|Any CPU.ActiveCfg = Release|Any CPU
		{23391687-F603-4AF2-9AED-75D54000A19D}.Release|Any CPU.Build.0 = Release|Any CPU
		{F0539843-7FCC-4B46-8A16-AF8163E8204E}.Debug|Any CPU.ActiveCfg = Debug|Any CPU
		{F0539843-7FCC-4B46-8A16-AF8163E8204E}.Debug|Any CPU.Build.0 = Debug|Any CPU
		{F0539843-7FCC-4B46-8A16-AF8163E8204E}.Release|Any CPU.ActiveCfg = Release|Any CPU
		{F0539843-7FCC-4B46-8A16-AF8163E8204E}.Release|Any CPU.Build.0 = Release|Any CPU
		{BCA4F6ED-46B5-4D68-B0C1-D9A22100FD5F}.Debug|Any CPU.ActiveCfg = Debug|Any CPU
		{BCA4F6ED-46B5-4D68-B0C1-D9A22100FD5F}.Debug|Any CPU.Build.0 = Debug|Any CPU
		{BCA4F6ED-46B5-4D68-B0C1-D9A22100FD5F}.Release|Any CPU.ActiveCfg = Release|Any CPU
		{BCA4F6ED-46B5-4D68-B0C1-D9A22100FD5F}.Release|Any CPU.Build.0 = Release|Any CPU
		{62CC4158-D321-4F8C-BDC3-CF47AB63631F}.Debug|Any CPU.ActiveCfg = Debug|Any CPU
		{62CC4158-D321-4F8C-BDC3-CF47AB63631F}.Debug|Any CPU.Build.0 = Debug|Any CPU
		{62CC4158-D321-4F8C-BDC3-CF47AB63631F}.Release|Any CPU.ActiveCfg = Release|Any CPU
		{62CC4158-D321-4F8C-BDC3-CF47AB63631F}.Release|Any CPU.Build.0 = Release|Any CPU
		{A0254E43-541A-4026-8953-C5D867B14C91}.Debug|Any CPU.ActiveCfg = Debug|Any CPU
		{A0254E43-541A-4026-8953-C5D867B14C91}.Debug|Any CPU.Build.0 = Debug|Any CPU
		{A0254E43-541A-4026-8953-C5D867B14C91}.Release|Any CPU.ActiveCfg = Release|Any CPU
		{A0254E43-541A-4026-8953-C5D867B14C91}.Release|Any CPU.Build.0 = Release|Any CPU
	EndGlobalSection
	GlobalSection(SolutionProperties) = preSolution
		HideSolutionNode = FALSE
	EndGlobalSection
	GlobalSection(NestedProjects) = preSolution
		{F0539843-7FCC-4B46-8A16-AF8163E8204E} = {85E3B9C2-827F-4CCE-8F7B-D976E39138FA}
		{BCA4F6ED-46B5-4D68-B0C1-D9A22100FD5F} = {85E3B9C2-827F-4CCE-8F7B-D976E39138FA}
		{23391687-F603-4AF2-9AED-75D54000A19D} = {85E3B9C2-827F-4CCE-8F7B-D976E39138FA}
		{62CC4158-D321-4F8C-BDC3-CF47AB63631F} = {FEF72336-7AEE-4BD4-851A-242597BFDB2A}
		{A0254E43-541A-4026-8953-C5D867B14C91} = {FEF72336-7AEE-4BD4-851A-242597BFDB2A}
	EndGlobalSection
	GlobalSection(ExtensibilityGlobals) = postSolution
		EnterpriseLibraryConfigurationToolBinariesPath = packages\Unity.2.1.505.0\lib\NET35
	EndGlobalSection
EndGlobal
